// !$*UTF8*$!
{
	archiveVersion = 1;
	classes = {
	};
	objectVersion = 55;
	objects = {

/* Begin PBXBuildFile section */
		C324FEBB2870DF5C00FDF0CB /* RegisterViewModel.swift in Sources */ = {isa = PBXBuildFile; fileRef = C324FEBA2870DF5C00FDF0CB /* RegisterViewModel.swift */; };
		C3450DAD287211ED00555DF0 /* ItemView.swift in Sources */ = {isa = PBXBuildFile; fileRef = C3450DAC287211ED00555DF0 /* ItemView.swift */; };
		C34584D7287649A900CAE221 /* JWTDecode in Frameworks */ = {isa = PBXBuildFile; productRef = C34584D6287649A900CAE221 /* JWTDecode */; };
		C34F7AF22886DBD000F7694A /* UserViewObj.swift in Sources */ = {isa = PBXBuildFile; fileRef = C34F7AF12886DBD000F7694A /* UserViewObj.swift */; };
		C34F7AF42886DBE600F7694A /* UserViewTest.swift in Sources */ = {isa = PBXBuildFile; fileRef = C34F7AF32886DBE600F7694A /* UserViewTest.swift */; };
		C34F7AF62886DC0900F7694A /* UserViewModel.swift in Sources */ = {isa = PBXBuildFile; fileRef = C34F7AF52886DC0900F7694A /* UserViewModel.swift */; };
		C34F7AF82886EB4C00F7694A /* SideMenu.swift in Sources */ = {isa = PBXBuildFile; fileRef = C34F7AF72886EB4C00F7694A /* SideMenu.swift */; };
		C359E80028736E36007DB305 /* Auth.swift in Sources */ = {isa = PBXBuildFile; fileRef = C359E7FF28736E36007DB305 /* Auth.swift */; };
		C359E80328737282007DB305 /* KeychainWrapper.swift in Sources */ = {isa = PBXBuildFile; fileRef = C359E80228737282007DB305 /* KeychainWrapper.swift */; };
		C35E10602857DBC70030B4C7 /* Assets.xcassets in Resources */ = {isa = PBXBuildFile; fileRef = C35E104B2857DBC70030B4C7 /* Assets.xcassets */; };
		C35E10612857DBC70030B4C7 /* Preview Assets.xcassets in Resources */ = {isa = PBXBuildFile; fileRef = C35E104D2857DBC70030B4C7 /* Preview Assets.xcassets */; };
		C35E10642857DBC70030B4C7 /* Coffe_Booking_SystemApp.swift in Sources */ = {isa = PBXBuildFile; fileRef = C35E10512857DBC70030B4C7 /* Coffe_Booking_SystemApp.swift */; };
		C35E106B2857DBC70030B4C7 /* LoginView.swift in Sources */ = {isa = PBXBuildFile; fileRef = C35E105A2857DBC70030B4C7 /* LoginView.swift */; };
		C35E106D2857DBC70030B4C7 /* API.swift in Sources */ = {isa = PBXBuildFile; fileRef = C35E105C2857DBC70030B4C7 /* API.swift */; };
		F62165AD2886D2BC00415D15 /* TransactionViewModel.swift in Sources */ = {isa = PBXBuildFile; fileRef = F62165AC2886D2BC00415D15 /* TransactionViewModel.swift */; };
		F62165AF2886D45500415D15 /* TransactionView.swift in Sources */ = {isa = PBXBuildFile; fileRef = F62165AE2886D45500415D15 /* TransactionView.swift */; };
		F62165B12886D49800415D15 /* CartProductView.swift in Sources */ = {isa = PBXBuildFile; fileRef = F62165B02886D49800415D15 /* CartProductView.swift */; };
		F659AF482858E82B00BCCC26 /* MainView.swift in Sources */ = {isa = PBXBuildFile; fileRef = F659AF472858E82B00BCCC26 /* MainView.swift */; };
		F659AF4A2858E85000BCCC26 /* HomeView.swift in Sources */ = {isa = PBXBuildFile; fileRef = F659AF492858E85000BCCC26 /* HomeView.swift */; };
		F692ECC62885736800C6E92B /* HomeViewModel.swift in Sources */ = {isa = PBXBuildFile; fileRef = F692ECC52885736800C6E92B /* HomeViewModel.swift */; };
		F692ECC82885769400C6E92B /* ProductView.swift in Sources */ = {isa = PBXBuildFile; fileRef = F692ECC72885769400C6E92B /* ProductView.swift */; };
		F692ECCA28857CE200C6E92B /* OrderViewModel.swift in Sources */ = {isa = PBXBuildFile; fileRef = F692ECC928857CE200C6E92B /* OrderViewModel.swift */; };
		F69B73E02887FF6000FDCED7 /* ImagePicker.swift in Sources */ = {isa = PBXBuildFile; fileRef = F69B73DF2887FF6000FDCED7 /* ImagePicker.swift */; };
		F6D4B667287361640037E821 /* CustomViewStructs.swift in Sources */ = {isa = PBXBuildFile; fileRef = F6D4B666287361640037E821 /* CustomViewStructs.swift */; };
		F6D4B669287361E50037E821 /* SignInView.swift in Sources */ = {isa = PBXBuildFile; fileRef = F6D4B668287361E50037E821 /* SignInView.swift */; };
		F6D4B66B287361F90037E821 /* SignUpView.swift in Sources */ = {isa = PBXBuildFile; fileRef = F6D4B66A287361F90037E821 /* SignUpView.swift */; };
		F6D4B6B6287807190037E821 /* User.swift in Sources */ = {isa = PBXBuildFile; fileRef = F6D4B6B1287807190037E821 /* User.swift */; };
		F6D4B6B7287807190037E821 /* Shop.swift in Sources */ = {isa = PBXBuildFile; fileRef = F6D4B6B2287807190037E821 /* Shop.swift */; };
		F6D4B6B8287807190037E821 /* ModelService.swift in Sources */ = {isa = PBXBuildFile; fileRef = F6D4B6B3287807190037E821 /* ModelService.swift */; };
		F6D4B6B9287807190037E821 /* Order.swift in Sources */ = {isa = PBXBuildFile; fileRef = F6D4B6B4287807190037E821 /* Order.swift */; };
		F6D4B6BA287807190037E821 /* Item.swift in Sources */ = {isa = PBXBuildFile; fileRef = F6D4B6B5287807190037E821 /* Item.swift */; };
		F6D4B6BC2878073F0037E821 /* ProfileViewModel.swift in Sources */ = {isa = PBXBuildFile; fileRef = F6D4B6BB2878073E0037E821 /* ProfileViewModel.swift */; };
		F6D4B6BE2878081F0037E821 /* AdminMenue.swift in Sources */ = {isa = PBXBuildFile; fileRef = F6D4B6BD2878081F0037E821 /* AdminMenue.swift */; };
		F6D4B6C028780C3A0037E821 /* AdminItemView.swift in Sources */ = {isa = PBXBuildFile; fileRef = F6D4B6BF28780C3A0037E821 /* AdminItemView.swift */; };
		F6D4B6C228780C4B0037E821 /* AdminUserView.swift in Sources */ = {isa = PBXBuildFile; fileRef = F6D4B6C128780C4B0037E821 /* AdminUserView.swift */; };
		F6D4B6C628781A680037E821 /* UserView.swift in Sources */ = {isa = PBXBuildFile; fileRef = F6D4B6C528781A680037E821 /* UserView.swift */; };
		F6D4B6C828781BE10037E821 /* AdminViewModel.swift in Sources */ = {isa = PBXBuildFile; fileRef = F6D4B6C728781BE10037E821 /* AdminViewModel.swift */; };
		F6E9E66E2858F2F900829739 /* ProfilView.swift in Sources */ = {isa = PBXBuildFile; fileRef = F6E9E66D2858F2F900829739 /* ProfilView.swift */; };
		F6E9E6702858F40800829739 /* OrderView.swift in Sources */ = {isa = PBXBuildFile; fileRef = F6E9E66F2858F40800829739 /* OrderView.swift */; };
		F6E9E6732859BE4C00829739 /* LoginViewModel.swift in Sources */ = {isa = PBXBuildFile; fileRef = F6E9E6722859BE4C00829739 /* LoginViewModel.swift */; };
/* End PBXBuildFile section */

/* Begin PBXFileReference section */
		C324FEBA2870DF5C00FDF0CB /* RegisterViewModel.swift */ = {isa = PBXFileReference; lastKnownFileType = sourcecode.swift; path = RegisterViewModel.swift; sourceTree = "<group>"; };
		C3450DAC287211ED00555DF0 /* ItemView.swift */ = {isa = PBXFileReference; lastKnownFileType = sourcecode.swift; path = ItemView.swift; sourceTree = "<group>"; };
		C34F7AF12886DBD000F7694A /* UserViewObj.swift */ = {isa = PBXFileReference; lastKnownFileType = sourcecode.swift; path = UserViewObj.swift; sourceTree = "<group>"; };
		C34F7AF32886DBE600F7694A /* UserViewTest.swift */ = {isa = PBXFileReference; lastKnownFileType = sourcecode.swift; path = UserViewTest.swift; sourceTree = "<group>"; };
		C34F7AF52886DC0900F7694A /* UserViewModel.swift */ = {isa = PBXFileReference; lastKnownFileType = sourcecode.swift; path = UserViewModel.swift; sourceTree = "<group>"; };
		C34F7AF72886EB4C00F7694A /* SideMenu.swift */ = {isa = PBXFileReference; lastKnownFileType = sourcecode.swift; path = SideMenu.swift; sourceTree = "<group>"; };
		C359E7FF28736E36007DB305 /* Auth.swift */ = {isa = PBXFileReference; lastKnownFileType = sourcecode.swift; path = Auth.swift; sourceTree = "<group>"; };
		C359E80228737282007DB305 /* KeychainWrapper.swift */ = {isa = PBXFileReference; lastKnownFileType = sourcecode.swift; path = KeychainWrapper.swift; sourceTree = "<group>"; };
		C35E104B2857DBC70030B4C7 /* Assets.xcassets */ = {isa = PBXFileReference; lastKnownFileType = folder.assetcatalog; path = Assets.xcassets; sourceTree = "<group>"; };
		C35E104D2857DBC70030B4C7 /* Preview Assets.xcassets */ = {isa = PBXFileReference; lastKnownFileType = folder.assetcatalog; path = "Preview Assets.xcassets"; sourceTree = "<group>"; };
		C35E10512857DBC70030B4C7 /* Coffe_Booking_SystemApp.swift */ = {isa = PBXFileReference; fileEncoding = 4; lastKnownFileType = sourcecode.swift; path = Coffe_Booking_SystemApp.swift; sourceTree = "<group>"; };
		C35E105A2857DBC70030B4C7 /* LoginView.swift */ = {isa = PBXFileReference; fileEncoding = 4; lastKnownFileType = sourcecode.swift; path = LoginView.swift; sourceTree = "<group>"; };
		C35E105C2857DBC70030B4C7 /* API.swift */ = {isa = PBXFileReference; fileEncoding = 4; lastKnownFileType = sourcecode.swift; path = API.swift; sourceTree = "<group>"; };
		C3F91BA828743DC80066E197 /* Coffe Booking System.entitlements */ = {isa = PBXFileReference; lastKnownFileType = text.plist.entitlements; path = "Coffe Booking System.entitlements"; sourceTree = "<group>"; };
		F61D90D628531DF100F275E8 /* Coffe Booking System.app */ = {isa = PBXFileReference; explicitFileType = wrapper.application; includeInIndex = 0; path = "Coffe Booking System.app"; sourceTree = BUILT_PRODUCTS_DIR; };
		F62165AC2886D2BC00415D15 /* TransactionViewModel.swift */ = {isa = PBXFileReference; lastKnownFileType = sourcecode.swift; path = TransactionViewModel.swift; sourceTree = "<group>"; };
		F62165AE2886D45500415D15 /* TransactionView.swift */ = {isa = PBXFileReference; lastKnownFileType = sourcecode.swift; path = TransactionView.swift; sourceTree = "<group>"; };
		F62165B02886D49800415D15 /* CartProductView.swift */ = {isa = PBXFileReference; lastKnownFileType = sourcecode.swift; path = CartProductView.swift; sourceTree = "<group>"; };
		F659AF472858E82B00BCCC26 /* MainView.swift */ = {isa = PBXFileReference; lastKnownFileType = sourcecode.swift; path = MainView.swift; sourceTree = "<group>"; };
		F659AF492858E85000BCCC26 /* HomeView.swift */ = {isa = PBXFileReference; lastKnownFileType = sourcecode.swift; path = HomeView.swift; sourceTree = "<group>"; };
		F692ECC52885736800C6E92B /* HomeViewModel.swift */ = {isa = PBXFileReference; lastKnownFileType = sourcecode.swift; path = HomeViewModel.swift; sourceTree = "<group>"; };
		F692ECC72885769400C6E92B /* ProductView.swift */ = {isa = PBXFileReference; lastKnownFileType = sourcecode.swift; path = ProductView.swift; sourceTree = "<group>"; };
		F692ECC928857CE200C6E92B /* OrderViewModel.swift */ = {isa = PBXFileReference; lastKnownFileType = sourcecode.swift; path = OrderViewModel.swift; sourceTree = "<group>"; };
		F69B73DF2887FF6000FDCED7 /* ImagePicker.swift */ = {isa = PBXFileReference; lastKnownFileType = sourcecode.swift; path = ImagePicker.swift; sourceTree = "<group>"; };
		F6D4B666287361640037E821 /* CustomViewStructs.swift */ = {isa = PBXFileReference; lastKnownFileType = sourcecode.swift; path = CustomViewStructs.swift; sourceTree = "<group>"; };
		F6D4B668287361E50037E821 /* SignInView.swift */ = {isa = PBXFileReference; lastKnownFileType = sourcecode.swift; path = SignInView.swift; sourceTree = "<group>"; };
		F6D4B66A287361F90037E821 /* SignUpView.swift */ = {isa = PBXFileReference; lastKnownFileType = sourcecode.swift; path = SignUpView.swift; sourceTree = "<group>"; };
		F6D4B6B1287807190037E821 /* User.swift */ = {isa = PBXFileReference; fileEncoding = 4; lastKnownFileType = sourcecode.swift; path = User.swift; sourceTree = "<group>"; };
		F6D4B6B2287807190037E821 /* Shop.swift */ = {isa = PBXFileReference; fileEncoding = 4; lastKnownFileType = sourcecode.swift; path = Shop.swift; sourceTree = "<group>"; };
		F6D4B6B3287807190037E821 /* ModelService.swift */ = {isa = PBXFileReference; fileEncoding = 4; lastKnownFileType = sourcecode.swift; path = ModelService.swift; sourceTree = "<group>"; };
		F6D4B6B4287807190037E821 /* Order.swift */ = {isa = PBXFileReference; fileEncoding = 4; lastKnownFileType = sourcecode.swift; path = Order.swift; sourceTree = "<group>"; };
		F6D4B6B5287807190037E821 /* Item.swift */ = {isa = PBXFileReference; fileEncoding = 4; lastKnownFileType = sourcecode.swift; path = Item.swift; sourceTree = "<group>"; };
		F6D4B6BB2878073E0037E821 /* ProfileViewModel.swift */ = {isa = PBXFileReference; fileEncoding = 4; lastKnownFileType = sourcecode.swift; path = ProfileViewModel.swift; sourceTree = "<group>"; };
		F6D4B6BD2878081F0037E821 /* AdminMenue.swift */ = {isa = PBXFileReference; fileEncoding = 4; lastKnownFileType = sourcecode.swift; path = AdminMenue.swift; sourceTree = "<group>"; };
		F6D4B6BF28780C3A0037E821 /* AdminItemView.swift */ = {isa = PBXFileReference; lastKnownFileType = sourcecode.swift; path = AdminItemView.swift; sourceTree = "<group>"; };
		F6D4B6C128780C4B0037E821 /* AdminUserView.swift */ = {isa = PBXFileReference; lastKnownFileType = sourcecode.swift; path = AdminUserView.swift; sourceTree = "<group>"; };
		F6D4B6C528781A680037E821 /* UserView.swift */ = {isa = PBXFileReference; lastKnownFileType = sourcecode.swift; path = UserView.swift; sourceTree = "<group>"; };
		F6D4B6C728781BE10037E821 /* AdminViewModel.swift */ = {isa = PBXFileReference; lastKnownFileType = sourcecode.swift; path = AdminViewModel.swift; sourceTree = "<group>"; };
		F6E9E66D2858F2F900829739 /* ProfilView.swift */ = {isa = PBXFileReference; lastKnownFileType = sourcecode.swift; path = ProfilView.swift; sourceTree = "<group>"; };
		F6E9E66F2858F40800829739 /* OrderView.swift */ = {isa = PBXFileReference; lastKnownFileType = sourcecode.swift; path = OrderView.swift; sourceTree = "<group>"; };
		F6E9E6722859BE4C00829739 /* LoginViewModel.swift */ = {isa = PBXFileReference; lastKnownFileType = sourcecode.swift; path = LoginViewModel.swift; sourceTree = "<group>"; };
/* End PBXFileReference section */

/* Begin PBXFrameworksBuildPhase section */
		F61D90D328531DF100F275E8 /* Frameworks */ = {
			isa = PBXFrameworksBuildPhase;
			buildActionMask = 2147483647;
			files = (
				C34584D7287649A900CAE221 /* JWTDecode in Frameworks */,
			);
			runOnlyForDeploymentPostprocessing = 0;
		};
/* End PBXFrameworksBuildPhase section */

/* Begin PBXGroup section */
		C359E80128737262007DB305 /* Auth */ = {
			isa = PBXGroup;
			children = (
				C359E7FF28736E36007DB305 /* Auth.swift */,
				C359E80228737282007DB305 /* KeychainWrapper.swift */,
			);
			path = Auth;
			sourceTree = "<group>";
		};
		C35E104A2857DBC70030B4C7 /* Coffe Booking System */ = {
			isa = PBXGroup;
			children = (
				C3F91BA828743DC80066E197 /* Coffe Booking System.entitlements */,
				C359E80128737262007DB305 /* Auth */,
				F6E9E6712859BE3900829739 /* ViewModels */,
				C35E104B2857DBC70030B4C7 /* Assets.xcassets */,
				C35E104C2857DBC70030B4C7 /* Preview Content */,
				C35E10512857DBC70030B4C7 /* Coffe_Booking_SystemApp.swift */,
				C35E10582857DBC70030B4C7 /* View */,
				F69B73DF2887FF6000FDCED7 /* ImagePicker.swift */,
				C35E105C2857DBC70030B4C7 /* API.swift */,
				C37223D72875EE6000035FB2 /* model */,
			);
			path = "Coffe Booking System";
			sourceTree = "<group>";
		};
		C35E104C2857DBC70030B4C7 /* Preview Content */ = {
			isa = PBXGroup;
			children = (
				C35E104D2857DBC70030B4C7 /* Preview Assets.xcassets */,
			);
			path = "Preview Content";
			sourceTree = "<group>";
		};
		C35E10582857DBC70030B4C7 /* View */ = {
			isa = PBXGroup;
			children = (
				C35E105A2857DBC70030B4C7 /* LoginView.swift */,
				F659AF472858E82B00BCCC26 /* MainView.swift */,
				F659AF492858E85000BCCC26 /* HomeView.swift */,
				F6E9E66D2858F2F900829739 /* ProfilView.swift */,
				F6E9E66F2858F40800829739 /* OrderView.swift */,
				F6D4B666287361640037E821 /* CustomViewStructs.swift */,
				F6D4B668287361E50037E821 /* SignInView.swift */,
				F6D4B66A287361F90037E821 /* SignUpView.swift */,
				F6D4B6BD2878081F0037E821 /* AdminMenue.swift */,
				F6D4B6BF28780C3A0037E821 /* AdminItemView.swift */,
				F6D4B6C128780C4B0037E821 /* AdminUserView.swift */,
				C3450DAC287211ED00555DF0 /* ItemView.swift */,
				F6D4B6C528781A680037E821 /* UserView.swift */,
				F692ECC72885769400C6E92B /* ProductView.swift */,
				F62165AE2886D45500415D15 /* TransactionView.swift */,
				F62165B02886D49800415D15 /* CartProductView.swift */,
				C34F7AF12886DBD000F7694A /* UserViewObj.swift */,
				C34F7AF32886DBE600F7694A /* UserViewTest.swift */,
				C34F7AF72886EB4C00F7694A /* SideMenu.swift */,
			);
			path = View;
			sourceTree = "<group>";
		};
		C37223D72875EE6000035FB2 /* model */ = {
			isa = PBXGroup;
			children = (
				F6D4B6B5287807190037E821 /* Item.swift */,
				F6D4B6B3287807190037E821 /* ModelService.swift */,
				F6D4B6B4287807190037E821 /* Order.swift */,
				F6D4B6B2287807190037E821 /* Shop.swift */,
				F6D4B6B1287807190037E821 /* User.swift */,
			);
			path = model;
			sourceTree = "<group>";
		};
		F61D90CD28531DF100F275E8 = {
			isa = PBXGroup;
			children = (
				C35E104A2857DBC70030B4C7 /* Coffe Booking System */,
				F61D90D728531DF100F275E8 /* Products */,
			);
			sourceTree = "<group>";
		};
		F61D90D728531DF100F275E8 /* Products */ = {
			isa = PBXGroup;
			children = (
				F61D90D628531DF100F275E8 /* Coffe Booking System.app */,
			);
			name = Products;
			sourceTree = "<group>";
		};
		F6E9E6712859BE3900829739 /* ViewModels */ = {
			isa = PBXGroup;
			children = (
				F6E9E6722859BE4C00829739 /* LoginViewModel.swift */,
				C324FEBA2870DF5C00FDF0CB /* RegisterViewModel.swift */,
				F6D4B6BB2878073E0037E821 /* ProfileViewModel.swift */,
				F6D4B6C728781BE10037E821 /* AdminViewModel.swift */,
				F692ECC52885736800C6E92B /* HomeViewModel.swift */,
				F692ECC928857CE200C6E92B /* OrderViewModel.swift */,
				F62165AC2886D2BC00415D15 /* TransactionViewModel.swift */,
				C34F7AF52886DC0900F7694A /* UserViewModel.swift */,
			);
			path = ViewModels;
			sourceTree = "<group>";
		};
/* End PBXGroup section */

/* Begin PBXNativeTarget section */
		F61D90D528531DF100F275E8 /* Coffe Booking System */ = {
			isa = PBXNativeTarget;
			buildConfigurationList = F61D90E428531DF300F275E8 /* Build configuration list for PBXNativeTarget "Coffe Booking System" */;
			buildPhases = (
				F61D90D228531DF100F275E8 /* Sources */,
				F61D90D328531DF100F275E8 /* Frameworks */,
				F61D90D428531DF100F275E8 /* Resources */,
			);
			buildRules = (
			);
			dependencies = (
			);
			name = "Coffe Booking System";
			packageProductDependencies = (
				C34584D6287649A900CAE221 /* JWTDecode */,
			);
			productName = "Coffe Booking System";
			productReference = F61D90D628531DF100F275E8 /* Coffe Booking System.app */;
			productType = "com.apple.product-type.application";
		};
/* End PBXNativeTarget section */

/* Begin PBXProject section */
		F61D90CE28531DF100F275E8 /* Project object */ = {
			isa = PBXProject;
			attributes = {
				BuildIndependentTargetsInParallel = 1;
				LastSwiftUpdateCheck = 1330;
				LastUpgradeCheck = 1330;
				TargetAttributes = {
					F61D90D528531DF100F275E8 = {
						CreatedOnToolsVersion = 13.3.1;
					};
				};
			};
			buildConfigurationList = F61D90D128531DF100F275E8 /* Build configuration list for PBXProject "Coffe Booking System" */;
			compatibilityVersion = "Xcode 13.0";
			developmentRegion = en;
			hasScannedForEncodings = 0;
			knownRegions = (
				en,
				Base,
			);
			mainGroup = F61D90CD28531DF100F275E8;
			packageReferences = (
				C34584D5287649A900CAE221 /* XCRemoteSwiftPackageReference "JWTDecode.swift" */,
			);
			productRefGroup = F61D90D728531DF100F275E8 /* Products */;
			projectDirPath = "";
			projectRoot = "";
			targets = (
				F61D90D528531DF100F275E8 /* Coffe Booking System */,
			);
		};
/* End PBXProject section */

/* Begin PBXResourcesBuildPhase section */
		F61D90D428531DF100F275E8 /* Resources */ = {
			isa = PBXResourcesBuildPhase;
			buildActionMask = 2147483647;
			files = (
				C35E10602857DBC70030B4C7 /* Assets.xcassets in Resources */,
				C35E10612857DBC70030B4C7 /* Preview Assets.xcassets in Resources */,
			);
			runOnlyForDeploymentPostprocessing = 0;
		};
/* End PBXResourcesBuildPhase section */

/* Begin PBXSourcesBuildPhase section */
		F61D90D228531DF100F275E8 /* Sources */ = {
			isa = PBXSourcesBuildPhase;
			buildActionMask = 2147483647;
			files = (
				F6E9E66E2858F2F900829739 /* ProfilView.swift in Sources */,
				C3450DAD287211ED00555DF0 /* ItemView.swift in Sources */,
				F6E9E6702858F40800829739 /* OrderView.swift in Sources */,
				C34F7AF82886EB4C00F7694A /* SideMenu.swift in Sources */,
				F6D4B6BA287807190037E821 /* Item.swift in Sources */,
				F692ECC82885769400C6E92B /* ProductView.swift in Sources */,
				F6D4B6C228780C4B0037E821 /* AdminUserView.swift in Sources */,
				F6D4B6C828781BE10037E821 /* AdminViewModel.swift in Sources */,
				F69B73E02887FF6000FDCED7 /* ImagePicker.swift in Sources */,
				F6D4B6C628781A680037E821 /* UserView.swift in Sources */,
				C324FEBB2870DF5C00FDF0CB /* RegisterViewModel.swift in Sources */,
				F6D4B6C028780C3A0037E821 /* AdminItemView.swift in Sources */,
				C35E10642857DBC70030B4C7 /* Coffe_Booking_SystemApp.swift in Sources */,
				F692ECC62885736800C6E92B /* HomeViewModel.swift in Sources */,
				F6D4B6B6287807190037E821 /* User.swift in Sources */,
				F6E9E6732859BE4C00829739 /* LoginViewModel.swift in Sources */,
				C359E80028736E36007DB305 /* Auth.swift in Sources */,
				C35E106B2857DBC70030B4C7 /* LoginView.swift in Sources */,
				C35E106D2857DBC70030B4C7 /* API.swift in Sources */,
				F6D4B6BC2878073F0037E821 /* ProfileViewModel.swift in Sources */,
				F6D4B669287361E50037E821 /* SignInView.swift in Sources */,
				F62165AF2886D45500415D15 /* TransactionView.swift in Sources */,
				F6D4B6BE2878081F0037E821 /* AdminMenue.swift in Sources */,
				F6D4B66B287361F90037E821 /* SignUpView.swift in Sources */,
				F62165B12886D49800415D15 /* CartProductView.swift in Sources */,
				F6D4B667287361640037E821 /* CustomViewStructs.swift in Sources */,
				F6D4B6B8287807190037E821 /* ModelService.swift in Sources */,
				F659AF4A2858E85000BCCC26 /* HomeView.swift in Sources */,
				F6D4B6B7287807190037E821 /* Shop.swift in Sources */,
				F6D4B6B9287807190037E821 /* Order.swift in Sources */,
				C359E80328737282007DB305 /* KeychainWrapper.swift in Sources */,
				C34F7AF42886DBE600F7694A /* UserViewTest.swift in Sources */,
				C34F7AF22886DBD000F7694A /* UserViewObj.swift in Sources */,
				F659AF482858E82B00BCCC26 /* MainView.swift in Sources */,
				F692ECCA28857CE200C6E92B /* OrderViewModel.swift in Sources */,
				C34F7AF62886DC0900F7694A /* UserViewModel.swift in Sources */,
				F62165AD2886D2BC00415D15 /* TransactionViewModel.swift in Sources */,
			);
			runOnlyForDeploymentPostprocessing = 0;
		};
/* End PBXSourcesBuildPhase section */

/* Begin XCBuildConfiguration section */
		F61D90E228531DF300F275E8 /* Debug */ = {
			isa = XCBuildConfiguration;
			buildSettings = {
				ALWAYS_SEARCH_USER_PATHS = NO;
				CLANG_ANALYZER_NONNULL = YES;
				CLANG_ANALYZER_NUMBER_OBJECT_CONVERSION = YES_AGGRESSIVE;
				CLANG_CXX_LANGUAGE_STANDARD = "gnu++17";
				CLANG_ENABLE_MODULES = YES;
				CLANG_ENABLE_OBJC_ARC = YES;
				CLANG_ENABLE_OBJC_WEAK = YES;
				CLANG_WARN_BLOCK_CAPTURE_AUTORELEASING = YES;
				CLANG_WARN_BOOL_CONVERSION = YES;
				CLANG_WARN_COMMA = YES;
				CLANG_WARN_CONSTANT_CONVERSION = YES;
				CLANG_WARN_DEPRECATED_OBJC_IMPLEMENTATIONS = YES;
				CLANG_WARN_DIRECT_OBJC_ISA_USAGE = YES_ERROR;
				CLANG_WARN_DOCUMENTATION_COMMENTS = YES;
				CLANG_WARN_EMPTY_BODY = YES;
				CLANG_WARN_ENUM_CONVERSION = YES;
				CLANG_WARN_INFINITE_RECURSION = YES;
				CLANG_WARN_INT_CONVERSION = YES;
				CLANG_WARN_NON_LITERAL_NULL_CONVERSION = YES;
				CLANG_WARN_OBJC_IMPLICIT_RETAIN_SELF = YES;
				CLANG_WARN_OBJC_LITERAL_CONVERSION = YES;
				CLANG_WARN_OBJC_ROOT_CLASS = YES_ERROR;
				CLANG_WARN_QUOTED_INCLUDE_IN_FRAMEWORK_HEADER = YES;
				CLANG_WARN_RANGE_LOOP_ANALYSIS = YES;
				CLANG_WARN_STRICT_PROTOTYPES = YES;
				CLANG_WARN_SUSPICIOUS_MOVE = YES;
				CLANG_WARN_UNGUARDED_AVAILABILITY = YES_AGGRESSIVE;
				CLANG_WARN_UNREACHABLE_CODE = YES;
				CLANG_WARN__DUPLICATE_METHOD_MATCH = YES;
				COPY_PHASE_STRIP = NO;
				DEBUG_INFORMATION_FORMAT = dwarf;
				ENABLE_STRICT_OBJC_MSGSEND = YES;
				ENABLE_TESTABILITY = YES;
				GCC_C_LANGUAGE_STANDARD = gnu11;
				GCC_DYNAMIC_NO_PIC = NO;
				GCC_NO_COMMON_BLOCKS = YES;
				GCC_OPTIMIZATION_LEVEL = 0;
				GCC_PREPROCESSOR_DEFINITIONS = (
					"DEBUG=1",
					"$(inherited)",
				);
				GCC_WARN_64_TO_32_BIT_CONVERSION = YES;
				GCC_WARN_ABOUT_RETURN_TYPE = YES_ERROR;
				GCC_WARN_UNDECLARED_SELECTOR = YES;
				GCC_WARN_UNINITIALIZED_AUTOS = YES_AGGRESSIVE;
				GCC_WARN_UNUSED_FUNCTION = YES;
				GCC_WARN_UNUSED_VARIABLE = YES;
				IPHONEOS_DEPLOYMENT_TARGET = 15.4;
				MACOSX_DEPLOYMENT_TARGET = 12.3;
				MTL_ENABLE_DEBUG_INFO = INCLUDE_SOURCE;
				MTL_FAST_MATH = YES;
				ONLY_ACTIVE_ARCH = YES;
				SDKROOT = iphoneos;
				SWIFT_ACTIVE_COMPILATION_CONDITIONS = DEBUG;
				SWIFT_OPTIMIZATION_LEVEL = "-Onone";
			};
			name = Debug;
		};
		F61D90E328531DF300F275E8 /* Release */ = {
			isa = XCBuildConfiguration;
			buildSettings = {
				ALWAYS_SEARCH_USER_PATHS = NO;
				CLANG_ANALYZER_NONNULL = YES;
				CLANG_ANALYZER_NUMBER_OBJECT_CONVERSION = YES_AGGRESSIVE;
				CLANG_CXX_LANGUAGE_STANDARD = "gnu++17";
				CLANG_ENABLE_MODULES = YES;
				CLANG_ENABLE_OBJC_ARC = YES;
				CLANG_ENABLE_OBJC_WEAK = YES;
				CLANG_WARN_BLOCK_CAPTURE_AUTORELEASING = YES;
				CLANG_WARN_BOOL_CONVERSION = YES;
				CLANG_WARN_COMMA = YES;
				CLANG_WARN_CONSTANT_CONVERSION = YES;
				CLANG_WARN_DEPRECATED_OBJC_IMPLEMENTATIONS = YES;
				CLANG_WARN_DIRECT_OBJC_ISA_USAGE = YES_ERROR;
				CLANG_WARN_DOCUMENTATION_COMMENTS = YES;
				CLANG_WARN_EMPTY_BODY = YES;
				CLANG_WARN_ENUM_CONVERSION = YES;
				CLANG_WARN_INFINITE_RECURSION = YES;
				CLANG_WARN_INT_CONVERSION = YES;
				CLANG_WARN_NON_LITERAL_NULL_CONVERSION = YES;
				CLANG_WARN_OBJC_IMPLICIT_RETAIN_SELF = YES;
				CLANG_WARN_OBJC_LITERAL_CONVERSION = YES;
				CLANG_WARN_OBJC_ROOT_CLASS = YES_ERROR;
				CLANG_WARN_QUOTED_INCLUDE_IN_FRAMEWORK_HEADER = YES;
				CLANG_WARN_RANGE_LOOP_ANALYSIS = YES;
				CLANG_WARN_STRICT_PROTOTYPES = YES;
				CLANG_WARN_SUSPICIOUS_MOVE = YES;
				CLANG_WARN_UNGUARDED_AVAILABILITY = YES_AGGRESSIVE;
				CLANG_WARN_UNREACHABLE_CODE = YES;
				CLANG_WARN__DUPLICATE_METHOD_MATCH = YES;
				COPY_PHASE_STRIP = NO;
				DEBUG_INFORMATION_FORMAT = "dwarf-with-dsym";
				ENABLE_NS_ASSERTIONS = NO;
				ENABLE_STRICT_OBJC_MSGSEND = YES;
				GCC_C_LANGUAGE_STANDARD = gnu11;
				GCC_NO_COMMON_BLOCKS = YES;
				GCC_WARN_64_TO_32_BIT_CONVERSION = YES;
				GCC_WARN_ABOUT_RETURN_TYPE = YES_ERROR;
				GCC_WARN_UNDECLARED_SELECTOR = YES;
				GCC_WARN_UNINITIALIZED_AUTOS = YES_AGGRESSIVE;
				GCC_WARN_UNUSED_FUNCTION = YES;
				GCC_WARN_UNUSED_VARIABLE = YES;
				IPHONEOS_DEPLOYMENT_TARGET = 15.4;
				MACOSX_DEPLOYMENT_TARGET = 12.3;
				MTL_ENABLE_DEBUG_INFO = NO;
				MTL_FAST_MATH = YES;
				SDKROOT = iphoneos;
				SWIFT_COMPILATION_MODE = wholemodule;
				SWIFT_OPTIMIZATION_LEVEL = "-O";
				VALIDATE_PRODUCT = YES;
			};
			name = Release;
		};
		F61D90E528531DF300F275E8 /* Debug */ = {
			isa = XCBuildConfiguration;
			buildSettings = {
				ASSETCATALOG_COMPILER_APPICON_NAME = AppIcon;
				ASSETCATALOG_COMPILER_GLOBAL_ACCENT_COLOR_NAME = AccentColor;
				CODE_SIGN_ENTITLEMENTS = "Coffe Booking System/Coffe Booking System.entitlements";
				CODE_SIGN_IDENTITY = "Apple Development";
				CODE_SIGN_STYLE = Automatic;
				CURRENT_PROJECT_VERSION = 1;
				DEVELOPMENT_ASSET_PATHS = "\"Coffe Booking System/Preview Content\"";
				DEVELOPMENT_TEAM = QXK4B66ZQL;
				ENABLE_PREVIEWS = YES;
				GENERATE_INFOPLIST_FILE = YES;
				INFOPLIST_KEY_UIApplicationSceneManifest_Generation = YES;
				INFOPLIST_KEY_UIApplicationSupportsIndirectInputEvents = YES;
				INFOPLIST_KEY_UILaunchScreen_Generation = YES;
				INFOPLIST_KEY_UISupportedInterfaceOrientations_iPad = "UIInterfaceOrientationPortrait UIInterfaceOrientationPortraitUpsideDown UIInterfaceOrientationLandscapeLeft UIInterfaceOrientationLandscapeRight";
				INFOPLIST_KEY_UISupportedInterfaceOrientations_iPhone = "UIInterfaceOrientationPortrait UIInterfaceOrientationLandscapeLeft UIInterfaceOrientationLandscapeRight";
				LD_RUNPATH_SEARCH_PATHS = (
					"$(inherited)",
					"@executable_path/Frameworks",
				);
				MARKETING_VERSION = 1.0;
				PRODUCT_BUNDLE_IDENTIFIER = "com.example.apple-samplecode.Coffe-Booking-System";
				PRODUCT_NAME = "$(TARGET_NAME)";
				PROVISIONING_PROFILE_SPECIFIER = "";
				SWIFT_EMIT_LOC_STRINGS = YES;
				SWIFT_VERSION = 5.0;
				TARGETED_DEVICE_FAMILY = "1,2";
			};
			name = Debug;
		};
		F61D90E628531DF300F275E8 /* Release */ = {
			isa = XCBuildConfiguration;
			buildSettings = {
				ASSETCATALOG_COMPILER_APPICON_NAME = AppIcon;
				ASSETCATALOG_COMPILER_GLOBAL_ACCENT_COLOR_NAME = AccentColor;
				CODE_SIGN_ENTITLEMENTS = "Coffe Booking System/Coffe Booking System.entitlements";
				CODE_SIGN_IDENTITY = "Apple Development";
				CODE_SIGN_STYLE = Automatic;
				CURRENT_PROJECT_VERSION = 1;
				DEVELOPMENT_ASSET_PATHS = "\"Coffe Booking System/Preview Content\"";
				DEVELOPMENT_TEAM = QXK4B66ZQL;
				ENABLE_PREVIEWS = YES;
				GENERATE_INFOPLIST_FILE = YES;
				INFOPLIST_KEY_UIApplicationSceneManifest_Generation = YES;
				INFOPLIST_KEY_UIApplicationSupportsIndirectInputEvents = YES;
				INFOPLIST_KEY_UILaunchScreen_Generation = YES;
				INFOPLIST_KEY_UISupportedInterfaceOrientations_iPad = "UIInterfaceOrientationPortrait UIInterfaceOrientationPortraitUpsideDown UIInterfaceOrientationLandscapeLeft UIInterfaceOrientationLandscapeRight";
				INFOPLIST_KEY_UISupportedInterfaceOrientations_iPhone = "UIInterfaceOrientationPortrait UIInterfaceOrientationLandscapeLeft UIInterfaceOrientationLandscapeRight";
				LD_RUNPATH_SEARCH_PATHS = (
					"$(inherited)",
					"@executable_path/Frameworks",
				);
				MARKETING_VERSION = 1.0;
				PRODUCT_BUNDLE_IDENTIFIER = "com.example.apple-samplecode.Coffe-Booking-System";
				PRODUCT_NAME = "$(TARGET_NAME)";
				PROVISIONING_PROFILE_SPECIFIER = "";
				SWIFT_EMIT_LOC_STRINGS = YES;
				SWIFT_VERSION = 5.0;
				TARGETED_DEVICE_FAMILY = "1,2";
			};
			name = Release;
		};
/* End XCBuildConfiguration section */

/* Begin XCConfigurationList section */
		F61D90D128531DF100F275E8 /* Build configuration list for PBXProject "Coffe Booking System" */ = {
			isa = XCConfigurationList;
			buildConfigurations = (
				F61D90E228531DF300F275E8 /* Debug */,
				F61D90E328531DF300F275E8 /* Release */,
			);
			defaultConfigurationIsVisible = 0;
			defaultConfigurationName = Release;
		};
		F61D90E428531DF300F275E8 /* Build configuration list for PBXNativeTarget "Coffe Booking System" */ = {
			isa = XCConfigurationList;
			buildConfigurations = (
				F61D90E528531DF300F275E8 /* Debug */,
				F61D90E628531DF300F275E8 /* Release */,
			);
			defaultConfigurationIsVisible = 0;
			defaultConfigurationName = Release;
		};
/* End XCConfigurationList section */

/* Begin XCRemoteSwiftPackageReference section */
		C34584D5287649A900CAE221 /* XCRemoteSwiftPackageReference "JWTDecode.swift" */ = {
			isa = XCRemoteSwiftPackageReference;
			repositoryURL = "https://github.com/auth0/JWTDecode.swift.git";
			requirement = {
				kind = upToNextMajorVersion;
				minimumVersion = 2.0.0;
			};
		};
/* End XCRemoteSwiftPackageReference section */

/* Begin XCSwiftPackageProductDependency section */
		C34584D6287649A900CAE221 /* JWTDecode */ = {
			isa = XCSwiftPackageProductDependency;
			package = C34584D5287649A900CAE221 /* XCRemoteSwiftPackageReference "JWTDecode.swift" */;
			productName = JWTDecode;
		};
/* End XCSwiftPackageProductDependency section */
	};
	rootObject = F61D90CE28531DF100F275E8 /* Project object */;
}
