// !$*UTF8*$!
{
	archiveVersion = 1;
	classes = {
	};
	objectVersion = 55;
	objects = {

/* Begin PBXBuildFile section */
		F61D90DA28531DF100F275E8 /* Coffe_Booking_SystemApp.swift in Sources */ = {isa = PBXBuildFile; fileRef = F61D90D928531DF100F275E8 /* Coffe_Booking_SystemApp.swift */; };
		F61D90DC28531DF100F275E8 /* ContentView.swift in Sources */ = {isa = PBXBuildFile; fileRef = F61D90DB28531DF100F275E8 /* ContentView.swift */; };
		F61D90DE28531DF200F275E8 /* Assets.xcassets in Resources */ = {isa = PBXBuildFile; fileRef = F61D90DD28531DF200F275E8 /* Assets.xcassets */; };
		F61D90E128531DF300F275E8 /* Preview Assets.xcassets in Resources */ = {isa = PBXBuildFile; fileRef = F61D90E028531DF300F275E8 /* Preview Assets.xcassets */; };
		F61D90E828531FBF00F275E8 /* User.swift in Sources */ = {isa = PBXBuildFile; fileRef = F61D90E728531FBF00F275E8 /* User.swift */; };
		F61D90EA2853216100F275E8 /* Product.swift in Sources */ = {isa = PBXBuildFile; fileRef = F61D90E92853216100F275E8 /* Product.swift */; };
		F61D90EC285322AB00F275E8 /* Order.swift in Sources */ = {isa = PBXBuildFile; fileRef = F61D90EB285322AB00F275E8 /* Order.swift */; };
		F61D90F32853659F00F275E8 /* API.swift in Sources */ = {isa = PBXBuildFile; fileRef = F61D90F22853659F00F275E8 /* API.swift */; };
		F61D90F5285365AE00F275E8 /* APITypes.swift in Sources */ = {isa = PBXBuildFile; fileRef = F61D90F4285365AE00F275E8 /* APITypes.swift */; };
		F61D90FB2855F88F00F275E8 /* ModelService.swift in Sources */ = {isa = PBXBuildFile; fileRef = F61D90FA2855F88F00F275E8 /* ModelService.swift */; };
		F61D90FD285625BB00F275E8 /* Shop.swift in Sources */ = {isa = PBXBuildFile; fileRef = F61D90FC285625BB00F275E8 /* Shop.swift */; };
/* End PBXBuildFile section */

/* Begin PBXFileReference section */
		F61D90D628531DF100F275E8 /* Coffe Booking System.app */ = {isa = PBXFileReference; explicitFileType = wrapper.application; includeInIndex = 0; path = "Coffe Booking System.app"; sourceTree = BUILT_PRODUCTS_DIR; };
		F61D90D928531DF100F275E8 /* Coffe_Booking_SystemApp.swift */ = {isa = PBXFileReference; lastKnownFileType = sourcecode.swift; path = Coffe_Booking_SystemApp.swift; sourceTree = "<group>"; };
		F61D90DB28531DF100F275E8 /* ContentView.swift */ = {isa = PBXFileReference; lastKnownFileType = sourcecode.swift; path = ContentView.swift; sourceTree = "<group>"; };
		F61D90DD28531DF200F275E8 /* Assets.xcassets */ = {isa = PBXFileReference; lastKnownFileType = folder.assetcatalog; path = Assets.xcassets; sourceTree = "<group>"; };
		F61D90E028531DF300F275E8 /* Preview Assets.xcassets */ = {isa = PBXFileReference; lastKnownFileType = folder.assetcatalog; path = "Preview Assets.xcassets"; sourceTree = "<group>"; };
		F61D90E728531FBF00F275E8 /* User.swift */ = {isa = PBXFileReference; lastKnownFileType = sourcecode.swift; path = User.swift; sourceTree = "<group>"; };
		F61D90E92853216100F275E8 /* Product.swift */ = {isa = PBXFileReference; lastKnownFileType = sourcecode.swift; path = Product.swift; sourceTree = "<group>"; };
		F61D90EB285322AB00F275E8 /* Order.swift */ = {isa = PBXFileReference; lastKnownFileType = sourcecode.swift; path = Order.swift; sourceTree = "<group>"; };
		F61D90F22853659F00F275E8 /* API.swift */ = {isa = PBXFileReference; lastKnownFileType = sourcecode.swift; path = API.swift; sourceTree = "<group>"; };
		F61D90F4285365AE00F275E8 /* APITypes.swift */ = {isa = PBXFileReference; lastKnownFileType = sourcecode.swift; path = APITypes.swift; sourceTree = "<group>"; };
		F61D90FA2855F88F00F275E8 /* ModelService.swift */ = {isa = PBXFileReference; lastKnownFileType = sourcecode.swift; path = ModelService.swift; sourceTree = "<group>"; };
		F61D90FC285625BB00F275E8 /* Shop.swift */ = {isa = PBXFileReference; lastKnownFileType = sourcecode.swift; path = Shop.swift; sourceTree = "<group>"; };
/* End PBXFileReference section */

/* Begin PBXFrameworksBuildPhase section */
		F61D90D328531DF100F275E8 /* Frameworks */ = {
			isa = PBXFrameworksBuildPhase;
			buildActionMask = 2147483647;
			files = (
			);
			runOnlyForDeploymentPostprocessing = 0;
		};
/* End PBXFrameworksBuildPhase section */

/* Begin PBXGroup section */
		F61D90CD28531DF100F275E8 = {
			isa = PBXGroup;
			children = (
				F61D90D828531DF100F275E8 /* Coffe Booking System */,
				F61D90D728531DF100F275E8 /* Products */,
			);
			sourceTree = "<group>";
		};
		F61D90D728531DF100F275E8 /* Products */ = {
			isa = PBXGroup;
			children = (
				F61D90D628531DF100F275E8 /* Coffe Booking System.app */,
			);
			name = Products;
			sourceTree = "<group>";
		};
		F61D90D828531DF100F275E8 /* Coffe Booking System */ = {
			isa = PBXGroup;
			children = (
				F61D90F928548F2700F275E8 /* View */,
				F61D90F828548F1F00F275E8 /* Controller */,
				F61D90F4285365AE00F275E8 /* APITypes.swift */,
				F61D90F22853659F00F275E8 /* API.swift */,
				F61D90D928531DF100F275E8 /* Coffe_Booking_SystemApp.swift */,
				F61D90DD28531DF200F275E8 /* Assets.xcassets */,
				F61D90DF28531DF300F275E8 /* Preview Content */,
				F61D90ED2853237200F275E8 /* model */,
			);
			path = "Coffe Booking System";
			sourceTree = "<group>";
		};
		F61D90DF28531DF300F275E8 /* Preview Content */ = {
			isa = PBXGroup;
			children = (
				F61D90E028531DF300F275E8 /* Preview Assets.xcassets */,
			);
			path = "Preview Content";
			sourceTree = "<group>";
		};
		F61D90ED2853237200F275E8 /* model */ = {
			isa = PBXGroup;
			children = (
				F61D90E728531FBF00F275E8 /* User.swift */,
				F61D90E92853216100F275E8 /* Product.swift */,
				F61D90EB285322AB00F275E8 /* Order.swift */,
				F61D90FA2855F88F00F275E8 /* ModelService.swift */,
				F61D90FC285625BB00F275E8 /* Shop.swift */,
			);
			path = model;
			sourceTree = "<group>";
		};
		F61D90F828548F1F00F275E8 /* Controller */ = {
			isa = PBXGroup;
			children = (
			);
			path = Controller;
			sourceTree = "<group>";
		};
		F61D90F928548F2700F275E8 /* View */ = {
			isa = PBXGroup;
			children = (
				F61D90DB28531DF100F275E8 /* ContentView.swift */,
			);
			path = View;
			sourceTree = "<group>";
		};
/* End PBXGroup section */

/* Begin PBXNativeTarget section */
		F61D90D528531DF100F275E8 /* Coffe Booking System */ = {
			isa = PBXNativeTarget;
			buildConfigurationList = F61D90E428531DF300F275E8 /* Build configuration list for PBXNativeTarget "Coffe Booking System" */;
			buildPhases = (
				F61D90D228531DF100F275E8 /* Sources */,
				F61D90D328531DF100F275E8 /* Frameworks */,
				F61D90D428531DF100F275E8 /* Resources */,
			);
			buildRules = (
			);
			dependencies = (
			);
			name = "Coffe Booking System";
			productName = "Coffe Booking System";
			productReference = F61D90D628531DF100F275E8 /* Coffe Booking System.app */;
			productType = "com.apple.product-type.application";
		};
/* End PBXNativeTarget section */

/* Begin PBXProject section */
		F61D90CE28531DF100F275E8 /* Project object */ = {
			isa = PBXProject;
			attributes = {
				BuildIndependentTargetsInParallel = 1;
				LastSwiftUpdateCheck = 1330;
				LastUpgradeCheck = 1330;
				TargetAttributes = {
					F61D90D528531DF100F275E8 = {
						CreatedOnToolsVersion = 13.3.1;
					};
				};
			};
			buildConfigurationList = F61D90D128531DF100F275E8 /* Build configuration list for PBXProject "Coffe Booking System" */;
			compatibilityVersion = "Xcode 13.0";
			developmentRegion = en;
			hasScannedForEncodings = 0;
			knownRegions = (
				en,
				Base,
			);
			mainGroup = F61D90CD28531DF100F275E8;
			productRefGroup = F61D90D728531DF100F275E8 /* Products */;
			projectDirPath = "";
			projectRoot = "";
			targets = (
				F61D90D528531DF100F275E8 /* Coffe Booking System */,
			);
		};
/* End PBXProject section */

/* Begin PBXResourcesBuildPhase section */
		F61D90D428531DF100F275E8 /* Resources */ = {
			isa = PBXResourcesBuildPhase;
			buildActionMask = 2147483647;
			files = (
				F61D90E128531DF300F275E8 /* Preview Assets.xcassets in Resources */,
				F61D90DE28531DF200F275E8 /* Assets.xcassets in Resources */,
			);
			runOnlyForDeploymentPostprocessing = 0;
		};
/* End PBXResourcesBuildPhase section */

/* Begin PBXSourcesBuildPhase section */
		F61D90D228531DF100F275E8 /* Sources */ = {
			isa = PBXSourcesBuildPhase;
			buildActionMask = 2147483647;
			files = (
				F61D90F5285365AE00F275E8 /* APITypes.swift in Sources */,
				F61D90DC28531DF100F275E8 /* ContentView.swift in Sources */,
				F61D90EA2853216100F275E8 /* Product.swift in Sources */,
				F61D90FB2855F88F00F275E8 /* ModelService.swift in Sources */,
				F61D90EC285322AB00F275E8 /* Order.swift in Sources */,
				F61D90DA28531DF100F275E8 /* Coffe_Booking_SystemApp.swift in Sources */,
				F61D90FD285625BB00F275E8 /* Shop.swift in Sources */,
				F61D90F32853659F00F275E8 /* API.swift in Sources */,
				F61D90E828531FBF00F275E8 /* User.swift in Sources */,
			);
			runOnlyForDeploymentPostprocessing = 0;
		};
/* End PBXSourcesBuildPhase section */

/* Begin XCBuildConfiguration section */
		F61D90E228531DF300F275E8 /* Debug */ = {
			isa = XCBuildConfiguration;
			buildSettings = {
				ALWAYS_SEARCH_USER_PATHS = NO;
				CLANG_ANALYZER_NONNULL = YES;
				CLANG_ANALYZER_NUMBER_OBJECT_CONVERSION = YES_AGGRESSIVE;
				CLANG_CXX_LANGUAGE_STANDARD = "gnu++17";
				CLANG_ENABLE_MODULES = YES;
				CLANG_ENABLE_OBJC_ARC = YES;
				CLANG_ENABLE_OBJC_WEAK = YES;
				CLANG_WARN_BLOCK_CAPTURE_AUTORELEASING = YES;
				CLANG_WARN_BOOL_CONVERSION = YES;
				CLANG_WARN_COMMA = YES;
				CLANG_WARN_CONSTANT_CONVERSION = YES;
				CLANG_WARN_DEPRECATED_OBJC_IMPLEMENTATIONS = YES;
				CLANG_WARN_DIRECT_OBJC_ISA_USAGE = YES_ERROR;
				CLANG_WARN_DOCUMENTATION_COMMENTS = YES;
				CLANG_WARN_EMPTY_BODY = YES;
				CLANG_WARN_ENUM_CONVERSION = YES;
				CLANG_WARN_INFINITE_RECURSION = YES;
				CLANG_WARN_INT_CONVERSION = YES;
				CLANG_WARN_NON_LITERAL_NULL_CONVERSION = YES;
				CLANG_WARN_OBJC_IMPLICIT_RETAIN_SELF = YES;
				CLANG_WARN_OBJC_LITERAL_CONVERSION = YES;
				CLANG_WARN_OBJC_ROOT_CLASS = YES_ERROR;
				CLANG_WARN_QUOTED_INCLUDE_IN_FRAMEWORK_HEADER = YES;
				CLANG_WARN_RANGE_LOOP_ANALYSIS = YES;
				CLANG_WARN_STRICT_PROTOTYPES = YES;
				CLANG_WARN_SUSPICIOUS_MOVE = YES;
				CLANG_WARN_UNGUARDED_AVAILABILITY = YES_AGGRESSIVE;
				CLANG_WARN_UNREACHABLE_CODE = YES;
				CLANG_WARN__DUPLICATE_METHOD_MATCH = YES;
				COPY_PHASE_STRIP = NO;
				DEBUG_INFORMATION_FORMAT = dwarf;
				ENABLE_STRICT_OBJC_MSGSEND = YES;
				ENABLE_TESTABILITY = YES;
				GCC_C_LANGUAGE_STANDARD = gnu11;
				GCC_DYNAMIC_NO_PIC = NO;
				GCC_NO_COMMON_BLOCKS = YES;
				GCC_OPTIMIZATION_LEVEL = 0;
				GCC_PREPROCESSOR_DEFINITIONS = (
					"DEBUG=1",
					"$(inherited)",
				);
				GCC_WARN_64_TO_32_BIT_CONVERSION = YES;
				GCC_WARN_ABOUT_RETURN_TYPE = YES_ERROR;
				GCC_WARN_UNDECLARED_SELECTOR = YES;
				GCC_WARN_UNINITIALIZED_AUTOS = YES_AGGRESSIVE;
				GCC_WARN_UNUSED_FUNCTION = YES;
				GCC_WARN_UNUSED_VARIABLE = YES;
				IPHONEOS_DEPLOYMENT_TARGET = 15.4;
				MTL_ENABLE_DEBUG_INFO = INCLUDE_SOURCE;
				MTL_FAST_MATH = YES;
				ONLY_ACTIVE_ARCH = YES;
				SDKROOT = iphoneos;
				SWIFT_ACTIVE_COMPILATION_CONDITIONS = DEBUG;
				SWIFT_OPTIMIZATION_LEVEL = "-Onone";
			};
			name = Debug;
		};
		F61D90E328531DF300F275E8 /* Release */ = {
			isa = XCBuildConfiguration;
			buildSettings = {
				ALWAYS_SEARCH_USER_PATHS = NO;
				CLANG_ANALYZER_NONNULL = YES;
				CLANG_ANALYZER_NUMBER_OBJECT_CONVERSION = YES_AGGRESSIVE;
				CLANG_CXX_LANGUAGE_STANDARD = "gnu++17";
				CLANG_ENABLE_MODULES = YES;
				CLANG_ENABLE_OBJC_ARC = YES;
				CLANG_ENABLE_OBJC_WEAK = YES;
				CLANG_WARN_BLOCK_CAPTURE_AUTORELEASING = YES;
				CLANG_WARN_BOOL_CONVERSION = YES;
				CLANG_WARN_COMMA = YES;
				CLANG_WARN_CONSTANT_CONVERSION = YES;
				CLANG_WARN_DEPRECATED_OBJC_IMPLEMENTATIONS = YES;
				CLANG_WARN_DIRECT_OBJC_ISA_USAGE = YES_ERROR;
				CLANG_WARN_DOCUMENTATION_COMMENTS = YES;
				CLANG_WARN_EMPTY_BODY = YES;
				CLANG_WARN_ENUM_CONVERSION = YES;
				CLANG_WARN_INFINITE_RECURSION = YES;
				CLANG_WARN_INT_CONVERSION = YES;
				CLANG_WARN_NON_LITERAL_NULL_CONVERSION = YES;
				CLANG_WARN_OBJC_IMPLICIT_RETAIN_SELF = YES;
				CLANG_WARN_OBJC_LITERAL_CONVERSION = YES;
				CLANG_WARN_OBJC_ROOT_CLASS = YES_ERROR;
				CLANG_WARN_QUOTED_INCLUDE_IN_FRAMEWORK_HEADER = YES;
				CLANG_WARN_RANGE_LOOP_ANALYSIS = YES;
				CLANG_WARN_STRICT_PROTOTYPES = YES;
				CLANG_WARN_SUSPICIOUS_MOVE = YES;
				CLANG_WARN_UNGUARDED_AVAILABILITY = YES_AGGRESSIVE;
				CLANG_WARN_UNREACHABLE_CODE = YES;
				CLANG_WARN__DUPLICATE_METHOD_MATCH = YES;
				COPY_PHASE_STRIP = NO;
				DEBUG_INFORMATION_FORMAT = "dwarf-with-dsym";
				ENABLE_NS_ASSERTIONS = NO;
				ENABLE_STRICT_OBJC_MSGSEND = YES;
				GCC_C_LANGUAGE_STANDARD = gnu11;
				GCC_NO_COMMON_BLOCKS = YES;
				GCC_WARN_64_TO_32_BIT_CONVERSION = YES;
				GCC_WARN_ABOUT_RETURN_TYPE = YES_ERROR;
				GCC_WARN_UNDECLARED_SELECTOR = YES;
				GCC_WARN_UNINITIALIZED_AUTOS = YES_AGGRESSIVE;
				GCC_WARN_UNUSED_FUNCTION = YES;
				GCC_WARN_UNUSED_VARIABLE = YES;
				IPHONEOS_DEPLOYMENT_TARGET = 15.4;
				MTL_ENABLE_DEBUG_INFO = NO;
				MTL_FAST_MATH = YES;
				SDKROOT = iphoneos;
				SWIFT_COMPILATION_MODE = wholemodule;
				SWIFT_OPTIMIZATION_LEVEL = "-O";
				VALIDATE_PRODUCT = YES;
			};
			name = Release;
		};
		F61D90E528531DF300F275E8 /* Debug */ = {
			isa = XCBuildConfiguration;
			buildSettings = {
				ASSETCATALOG_COMPILER_APPICON_NAME = AppIcon;
				ASSETCATALOG_COMPILER_GLOBAL_ACCENT_COLOR_NAME = AccentColor;
				CODE_SIGN_STYLE = Automatic;
				CURRENT_PROJECT_VERSION = 1;
				DEVELOPMENT_ASSET_PATHS = "\"Coffe Booking System/Preview Content\"";
				DEVELOPMENT_TEAM = 4S758CHXXT;
				ENABLE_PREVIEWS = YES;
				GENERATE_INFOPLIST_FILE = YES;
				INFOPLIST_KEY_UIApplicationSceneManifest_Generation = YES;
				INFOPLIST_KEY_UIApplicationSupportsIndirectInputEvents = YES;
				INFOPLIST_KEY_UILaunchScreen_Generation = YES;
				INFOPLIST_KEY_UISupportedInterfaceOrientations_iPad = "UIInterfaceOrientationPortrait UIInterfaceOrientationPortraitUpsideDown UIInterfaceOrientationLandscapeLeft UIInterfaceOrientationLandscapeRight";
				INFOPLIST_KEY_UISupportedInterfaceOrientations_iPhone = "UIInterfaceOrientationPortrait UIInterfaceOrientationLandscapeLeft UIInterfaceOrientationLandscapeRight";
				LD_RUNPATH_SEARCH_PATHS = (
					"$(inherited)",
					"@executable_path/Frameworks",
				);
				MARKETING_VERSION = 1.0;
				PRODUCT_BUNDLE_IDENTIFIER = "com.example.apple-samplecode.Coffe-Booking-System";
				PRODUCT_NAME = "$(TARGET_NAME)";
				SWIFT_EMIT_LOC_STRINGS = YES;
				SWIFT_VERSION = 5.0;
				TARGETED_DEVICE_FAMILY = "1,2";
			};
			name = Debug;
		};
		F61D90E628531DF300F275E8 /* Release */ = {
			isa = XCBuildConfiguration;
			buildSettings = {
				ASSETCATALOG_COMPILER_APPICON_NAME = AppIcon;
				ASSETCATALOG_COMPILER_GLOBAL_ACCENT_COLOR_NAME = AccentColor;
				CODE_SIGN_STYLE = Automatic;
				CURRENT_PROJECT_VERSION = 1;
				DEVELOPMENT_ASSET_PATHS = "\"Coffe Booking System/Preview Content\"";
				DEVELOPMENT_TEAM = 4S758CHXXT;
				ENABLE_PREVIEWS = YES;
				GENERATE_INFOPLIST_FILE = YES;
				INFOPLIST_KEY_UIApplicationSceneManifest_Generation = YES;
				INFOPLIST_KEY_UIApplicationSupportsIndirectInputEvents = YES;
				INFOPLIST_KEY_UILaunchScreen_Generation = YES;
				INFOPLIST_KEY_UISupportedInterfaceOrientations_iPad = "UIInterfaceOrientationPortrait UIInterfaceOrientationPortraitUpsideDown UIInterfaceOrientationLandscapeLeft UIInterfaceOrientationLandscapeRight";
				INFOPLIST_KEY_UISupportedInterfaceOrientations_iPhone = "UIInterfaceOrientationPortrait UIInterfaceOrientationLandscapeLeft UIInterfaceOrientationLandscapeRight";
				LD_RUNPATH_SEARCH_PATHS = (
					"$(inherited)",
					"@executable_path/Frameworks",
				);
				MARKETING_VERSION = 1.0;
				PRODUCT_BUNDLE_IDENTIFIER = "com.example.apple-samplecode.Coffe-Booking-System";
				PRODUCT_NAME = "$(TARGET_NAME)";
				SWIFT_EMIT_LOC_STRINGS = YES;
				SWIFT_VERSION = 5.0;
				TARGETED_DEVICE_FAMILY = "1,2";
			};
			name = Release;
		};
/* End XCBuildConfiguration section */

/* Begin XCConfigurationList section */
		F61D90D128531DF100F275E8 /* Build configuration list for PBXProject "Coffe Booking System" */ = {
			isa = XCConfigurationList;
			buildConfigurations = (
				F61D90E228531DF300F275E8 /* Debug */,
				F61D90E328531DF300F275E8 /* Release */,
			);
			defaultConfigurationIsVisible = 0;
			defaultConfigurationName = Release;
		};
		F61D90E428531DF300F275E8 /* Build configuration list for PBXNativeTarget "Coffe Booking System" */ = {
			isa = XCConfigurationList;
			buildConfigurations = (
				F61D90E528531DF300F275E8 /* Debug */,
				F61D90E628531DF300F275E8 /* Release */,
			);
			defaultConfigurationIsVisible = 0;
			defaultConfigurationName = Release;
		};
/* End XCConfigurationList section */
	};
	rootObject = F61D90CE28531DF100F275E8 /* Project object */;
}
